
Microsoft Visual Studio Solution File, Format Version 12.00
# Visual Studio Version 17
VisualStudioVersion = 17.3.32825.248
MinimumVisualStudioVersion = 10.0.40219.1
Project("{FAE04EC0-301F-11D3-BF4B-00C04F79EFBC}") = "Part 9, Player Class", "Part 9, Player Class.csproj", "{690D364C-61F6-4621-9F18-12224A3D9421}"
EndProject
Global
	GlobalSection(SolutionConfigurationPlatforms) = preSolution
		Debug|Any CPU = Debug|Any CPU
		Release|Any CPU = Release|Any CPU
	EndGlobalSection
	GlobalSection(ProjectConfigurationPlatforms) = postSolution
		{690D364C-61F6-4621-9F18-12224A3D9421}.Debug|Any CPU.ActiveCfg = Debug|Any CPU
		{690D364C-61F6-4621-9F18-12224A3D9421}.Debug|Any CPU.Build.0 = Debug|Any CPU
		{690D364C-61F6-4621-9F18-12224A3D9421}.Release|Any CPU.ActiveCfg = Release|Any CPU
		{690D364C-61F6-4621-9F18-12224A3D9421}.Release|Any CPU.Build.0 = Release|Any CPU
	EndGlobalSection
	GlobalSection(SolutionProperties) = preSolution
		HideSolutionNode = FALSE
	EndGlobalSection
	GlobalSection(ExtensibilityGlobals) = postSolution
		SolutionGuid = {22205737-8EA0-4F2B-A8C0-9083B9B1BFDA}
	EndGlobalSection
EndGlobal
